
Microsoft Visual Studio Solution File, Format Version 12.00
# Visual Studio Version 17
VisualStudioVersion = 17.11.35327.3
MinimumVisualStudioVersion = 10.0.40219.1
Project("{FAE04EC0-301F-11D3-BF4B-00C04F79EFBC}") = "ShoppingAPI", "ShoppingAPI\ShoppingAPI.csproj", "{DADF233D-B922-44BC-89B1-74B047D97021}"
EndProject
Global
	GlobalSection(SolutionConfigurationPlatforms) = preSolution
		Debug|Any CPU = Debug|Any CPU
		Release|Any CPU = Release|Any CPU
	EndGlobalSection
	GlobalSection(ProjectConfigurationPlatforms) = postSolution
		{DADF233D-B922-44BC-89B1-74B047D97021}.Debug|Any CPU.ActiveCfg = Debug|Any CPU
		{DADF233D-B922-44BC-89B1-74B047D97021}.Debug|Any CPU.Build.0 = Debug|Any CPU
		{DADF233D-B922-44BC-89B1-74B047D97021}.Release|Any CPU.ActiveCfg = Release|Any CPU
		{DADF233D-B922-44BC-89B1-74B047D97021}.Release|Any CPU.Build.0 = Release|Any CPU
	EndGlobalSection
	GlobalSection(SolutionProperties) = preSolution
		HideSolutionNode = FALSE
	EndGlobalSection
	GlobalSection(ExtensibilityGlobals) = postSolution
		SolutionGuid = {DCBF0202-7C49-414C-B81D-FFE6C6A3BC09}
	EndGlobalSection
EndGlobal
